// !$*UTF8*$!
{
	archiveVersion = 1;
	classes = {
	};
	objectVersion = 56;
	objects = {

/* Begin PBXBuildFile section */
		560AF8D029F91E0C00F6B151 /* SocialMediaAppApp.swift in Sources */ = {isa = PBXBuildFile; fileRef = 560AF8CF29F91E0C00F6B151 /* SocialMediaAppApp.swift */; };
		560AF8D229F91E0C00F6B151 /* ContentView.swift in Sources */ = {isa = PBXBuildFile; fileRef = 560AF8D129F91E0C00F6B151 /* ContentView.swift */; };
		560AF8D729F91E0E00F6B151 /* Preview Assets.xcassets in Resources */ = {isa = PBXBuildFile; fileRef = 560AF8D629F91E0E00F6B151 /* Preview Assets.xcassets */; };
		560FC4A229FFCEB1005A8C51 /* LogInView.swift in Sources */ = {isa = PBXBuildFile; fileRef = 560FC4A129FFCEB1005A8C51 /* LogInView.swift */; };
		560FC4A429FFCEE1005A8C51 /* WelcomeView.swift in Sources */ = {isa = PBXBuildFile; fileRef = 560FC4A329FFCEE1005A8C51 /* WelcomeView.swift */; };
		560FC4AB29FFCF62005A8C51 /* Localizable.strings in Resources */ = {isa = PBXBuildFile; fileRef = 560FC4AA29FFCF62005A8C51 /* Localizable.strings */; };
		560FC4AD29FFCF70005A8C51 /* LocaleKeys.swift in Sources */ = {isa = PBXBuildFile; fileRef = 560FC4AC29FFCF70005A8C51 /* LocaleKeys.swift */; };
		560FC4AF29FFCFB2005A8C51 /* Font.swift in Sources */ = {isa = PBXBuildFile; fileRef = 560FC4AE29FFCFB2005A8C51 /* Font.swift */; };
		560FC4B129FFCFC5005A8C51 /* View.swift in Sources */ = {isa = PBXBuildFile; fileRef = 560FC4B029FFCFC5005A8C51 /* View.swift */; };
		560FC4B329FFCFE4005A8C51 /* Image.swift in Sources */ = {isa = PBXBuildFile; fileRef = 560FC4B229FFCFE4005A8C51 /* Image.swift */; };
		560FC4B529FFCFE8005A8C51 /* Colors.swift in Sources */ = {isa = PBXBuildFile; fileRef = 560FC4B429FFCFE8005A8C51 /* Colors.swift */; };
		560FC4B729FFCFF4005A8C51 /* Page.swift in Sources */ = {isa = PBXBuildFile; fileRef = 560FC4B629FFCFF4005A8C51 /* Page.swift */; };
		560FC4B929FFD02A005A8C51 /* Geo + Color.swift in Sources */ = {isa = PBXBuildFile; fileRef = 560FC4B829FFD02A005A8C51 /* Geo + Color.swift */; };
		560FC4BD29FFD0B5005A8C51 /* Image.xcassets in Resources */ = {isa = PBXBuildFile; fileRef = 560FC4BC29FFD0B5005A8C51 /* Image.xcassets */; };
		560FC4BF29FFD0BB005A8C51 /* Color.xcassets in Resources */ = {isa = PBXBuildFile; fileRef = 560FC4BE29FFD0BB005A8C51 /* Color.xcassets */; };
		560FC4C329FFD197005A8C51 /* GeneralButton.swift in Sources */ = {isa = PBXBuildFile; fileRef = 560FC4C229FFD197005A8C51 /* GeneralButton.swift */; };
		560FC4C529FFD19F005A8C51 /* Facebook.swift in Sources */ = {isa = PBXBuildFile; fileRef = 560FC4C429FFD19F005A8C51 /* Facebook.swift */; };
		560FC4C729FFD1A4005A8C51 /* Google.swift in Sources */ = {isa = PBXBuildFile; fileRef = 560FC4C629FFD1A4005A8C51 /* Google.swift */; };
		560FC4C929FFD1A9005A8C51 /* Apple.swift in Sources */ = {isa = PBXBuildFile; fileRef = 560FC4C829FFD1A9005A8C51 /* Apple.swift */; };
		560FC4CB29FFD1AE005A8C51 /* Email.swift in Sources */ = {isa = PBXBuildFile; fileRef = 560FC4CA29FFD1AE005A8C51 /* Email.swift */; };
		560FC4CE29FFD1F4005A8C51 /* Animations.swift in Sources */ = {isa = PBXBuildFile; fileRef = 560FC4CD29FFD1F4005A8C51 /* Animations.swift */; };
		560FC4D029FFD2B3005A8C51 /* welcomeIcon.json in Resources */ = {isa = PBXBuildFile; fileRef = 560FC4CF29FFD2B3005A8C51 /* welcomeIcon.json */; };
		560FC4D229FFD6AD005A8C51 /* Assets.xcassets in Resources */ = {isa = PBXBuildFile; fileRef = 560FC4D129FFD6AD005A8C51 /* Assets.xcassets */; };
		560FC4DF29FFDA01005A8C51 /* Lottie in Frameworks */ = {isa = PBXBuildFile; productRef = 560FC4DE29FFDA01005A8C51 /* Lottie */; };
		560FC4E129FFFE5B005A8C51 /* AuthViewModel.swift in Sources */ = {isa = PBXBuildFile; fileRef = 560FC4E029FFFE5B005A8C51 /* AuthViewModel.swift */; };
		560FC4E329FFFE6E005A8C51 /* User.swift in Sources */ = {isa = PBXBuildFile; fileRef = 560FC4E229FFFE6E005A8C51 /* User.swift */; };
		560FC4E629FFFEA5005A8C51 /* AuthService.swift in Sources */ = {isa = PBXBuildFile; fileRef = 560FC4E529FFFEA5005A8C51 /* AuthService.swift */; };
		564872262A052212004DE00E /* Notification.swift in Sources */ = {isa = PBXBuildFile; fileRef = 564872252A052212004DE00E /* Notification.swift */; };
		564872282A052239004DE00E /* NotificationViewModel.swift in Sources */ = {isa = PBXBuildFile; fileRef = 564872272A052239004DE00E /* NotificationViewModel.swift */; };
		5648722B2A0522F2004DE00E /* NotificationView.swift in Sources */ = {isa = PBXBuildFile; fileRef = 5648722A2A0522F2004DE00E /* NotificationView.swift */; };
		5648722D2A0522FA004DE00E /* NotificationCell.swift in Sources */ = {isa = PBXBuildFile; fileRef = 5648722C2A0522FA004DE00E /* NotificationCell.swift */; };
		564C30332A0413AF001B785E /* ProfileViewModel.swift in Sources */ = {isa = PBXBuildFile; fileRef = 564C30322A0413AF001B785E /* ProfileViewModel.swift */; };
		564C30352A04144B001B785E /* BlurView.swift in Sources */ = {isa = PBXBuildFile; fileRef = 564C30342A04144B001B785E /* BlurView.swift */; };
		564C30372A041506001B785E /* TabButton.swift in Sources */ = {isa = PBXBuildFile; fileRef = 564C30362A041506001B785E /* TabButton.swift */; };
		564C30392A042319001B785E /* EditProfileViewModel.swift in Sources */ = {isa = PBXBuildFile; fileRef = 564C30382A042319001B785E /* EditProfileViewModel.swift */; };
		564C303B2A0423CF001B785E /* EditProfileView.swift in Sources */ = {isa = PBXBuildFile; fileRef = 564C303A2A0423CF001B785E /* EditProfileView.swift */; };
		568027C02A037DA300269455 /* RefreshableScrollView.swift in Sources */ = {isa = PBXBuildFile; fileRef = 568027BF2A037DA300269455 /* RefreshableScrollView.swift */; };
		568027C22A0382F300269455 /* PostCell.swift in Sources */ = {isa = PBXBuildFile; fileRef = 568027C12A0382F300269455 /* PostCell.swift */; };
		568027C42A03954E00269455 /* HomeViewModel.swift in Sources */ = {isa = PBXBuildFile; fileRef = 568027C32A03954E00269455 /* HomeViewModel.swift */; };
		568027C62A03956E00269455 /* Post.swift in Sources */ = {isa = PBXBuildFile; fileRef = 568027C52A03956E00269455 /* Post.swift */; };
		568027C82A03972200269455 /* PostCellViewModel.swift in Sources */ = {isa = PBXBuildFile; fileRef = 568027C72A03972200269455 /* PostCellViewModel.swift */; };
		568027CB2A039EE700269455 /* ImageUploader.swift in Sources */ = {isa = PBXBuildFile; fileRef = 568027CA2A039EE700269455 /* ImageUploader.swift */; };
		5680BDC82A0124AD003C034B /* HomeView.swift in Sources */ = {isa = PBXBuildFile; fileRef = 5680BDC72A0124AD003C034B /* HomeView.swift */; };
		5680BDCB2A01481A003C034B /* RequestService.swift in Sources */ = {isa = PBXBuildFile; fileRef = 5680BDCA2A01481A003C034B /* RequestService.swift */; };
		5680BDCD2A014ABE003C034B /* PostsContentViewModel.swift in Sources */ = {isa = PBXBuildFile; fileRef = 5680BDCC2A014ABE003C034B /* PostsContentViewModel.swift */; };
		5680BDCF2A014DA2003C034B /* ImagePicker.swift in Sources */ = {isa = PBXBuildFile; fileRef = 5680BDCE2A014DA2003C034B /* ImagePicker.swift */; };
		5680BDD22A014FA7003C034B /* TabBar.swift in Sources */ = {isa = PBXBuildFile; fileRef = 5680BDD12A014FA7003C034B /* TabBar.swift */; };
		5680BDD62A014FEF003C034B /* CreatePostView.swift in Sources */ = {isa = PBXBuildFile; fileRef = 5680BDD52A014FEF003C034B /* CreatePostView.swift */; };
		5680BDD92A015073003C034B /* MultilineTextField.swift in Sources */ = {isa = PBXBuildFile; fileRef = 5680BDD82A015073003C034B /* MultilineTextField.swift */; };
		5680BDDC2A01514C003C034B /* Kingfisher in Frameworks */ = {isa = PBXBuildFile; productRef = 5680BDDB2A01514C003C034B /* Kingfisher */; };
		5680BDDE2A0154DE003C034B /* MainView.swift in Sources */ = {isa = PBXBuildFile; fileRef = 5680BDDD2A0154DE003C034B /* MainView.swift */; };
		56BA28C02A03F9270030708F /* ProfileView.swift in Sources */ = {isa = PBXBuildFile; fileRef = 56BA28BF2A03F9270030708F /* ProfileView.swift */; };
/* End PBXBuildFile section */

/* Begin PBXFileReference section */
		560AF8CC29F91E0C00F6B151 /* SocialMediaApp.app */ = {isa = PBXFileReference; explicitFileType = wrapper.application; includeInIndex = 0; path = SocialMediaApp.app; sourceTree = BUILT_PRODUCTS_DIR; };
		560AF8CF29F91E0C00F6B151 /* SocialMediaAppApp.swift */ = {isa = PBXFileReference; lastKnownFileType = sourcecode.swift; path = SocialMediaAppApp.swift; sourceTree = "<group>"; };
		560AF8D129F91E0C00F6B151 /* ContentView.swift */ = {isa = PBXFileReference; lastKnownFileType = sourcecode.swift; path = ContentView.swift; sourceTree = "<group>"; };
		560AF8D629F91E0E00F6B151 /* Preview Assets.xcassets */ = {isa = PBXFileReference; lastKnownFileType = folder.assetcatalog; path = "Preview Assets.xcassets"; sourceTree = "<group>"; };
		560FC4A129FFCEB1005A8C51 /* LogInView.swift */ = {isa = PBXFileReference; lastKnownFileType = sourcecode.swift; path = LogInView.swift; sourceTree = "<group>"; };
		560FC4A329FFCEE1005A8C51 /* WelcomeView.swift */ = {isa = PBXFileReference; lastKnownFileType = sourcecode.swift; path = WelcomeView.swift; sourceTree = "<group>"; };
		560FC4AA29FFCF62005A8C51 /* Localizable.strings */ = {isa = PBXFileReference; lastKnownFileType = text.plist.strings; path = Localizable.strings; sourceTree = "<group>"; };
		560FC4AC29FFCF70005A8C51 /* LocaleKeys.swift */ = {isa = PBXFileReference; lastKnownFileType = sourcecode.swift; path = LocaleKeys.swift; sourceTree = "<group>"; };
		560FC4AE29FFCFB2005A8C51 /* Font.swift */ = {isa = PBXFileReference; lastKnownFileType = sourcecode.swift; path = Font.swift; sourceTree = "<group>"; };
		560FC4B029FFCFC5005A8C51 /* View.swift */ = {isa = PBXFileReference; lastKnownFileType = sourcecode.swift; path = View.swift; sourceTree = "<group>"; };
		560FC4B229FFCFE4005A8C51 /* Image.swift */ = {isa = PBXFileReference; lastKnownFileType = sourcecode.swift; path = Image.swift; sourceTree = "<group>"; };
		560FC4B429FFCFE8005A8C51 /* Colors.swift */ = {isa = PBXFileReference; lastKnownFileType = sourcecode.swift; path = Colors.swift; sourceTree = "<group>"; };
		560FC4B629FFCFF4005A8C51 /* Page.swift */ = {isa = PBXFileReference; lastKnownFileType = sourcecode.swift; path = Page.swift; sourceTree = "<group>"; };
		560FC4B829FFD02A005A8C51 /* Geo + Color.swift */ = {isa = PBXFileReference; lastKnownFileType = sourcecode.swift; path = "Geo + Color.swift"; sourceTree = "<group>"; };
		560FC4BC29FFD0B5005A8C51 /* Image.xcassets */ = {isa = PBXFileReference; lastKnownFileType = folder.assetcatalog; path = Image.xcassets; sourceTree = "<group>"; };
		560FC4BE29FFD0BB005A8C51 /* Color.xcassets */ = {isa = PBXFileReference; lastKnownFileType = folder.assetcatalog; path = Color.xcassets; sourceTree = "<group>"; };
		560FC4C229FFD197005A8C51 /* GeneralButton.swift */ = {isa = PBXFileReference; lastKnownFileType = sourcecode.swift; path = GeneralButton.swift; sourceTree = "<group>"; };
		560FC4C429FFD19F005A8C51 /* Facebook.swift */ = {isa = PBXFileReference; lastKnownFileType = sourcecode.swift; path = Facebook.swift; sourceTree = "<group>"; };
		560FC4C629FFD1A4005A8C51 /* Google.swift */ = {isa = PBXFileReference; lastKnownFileType = sourcecode.swift; path = Google.swift; sourceTree = "<group>"; };
		560FC4C829FFD1A9005A8C51 /* Apple.swift */ = {isa = PBXFileReference; lastKnownFileType = sourcecode.swift; path = Apple.swift; sourceTree = "<group>"; };
		560FC4CA29FFD1AE005A8C51 /* Email.swift */ = {isa = PBXFileReference; lastKnownFileType = sourcecode.swift; path = Email.swift; sourceTree = "<group>"; };
		560FC4CD29FFD1F4005A8C51 /* Animations.swift */ = {isa = PBXFileReference; lastKnownFileType = sourcecode.swift; path = Animations.swift; sourceTree = "<group>"; };
		560FC4CF29FFD2B3005A8C51 /* welcomeIcon.json */ = {isa = PBXFileReference; fileEncoding = 4; lastKnownFileType = text.json; path = welcomeIcon.json; sourceTree = "<group>"; };
		560FC4D129FFD6AD005A8C51 /* Assets.xcassets */ = {isa = PBXFileReference; lastKnownFileType = folder.assetcatalog; path = Assets.xcassets; sourceTree = "<group>"; };
		560FC4E029FFFE5B005A8C51 /* AuthViewModel.swift */ = {isa = PBXFileReference; lastKnownFileType = sourcecode.swift; path = AuthViewModel.swift; sourceTree = "<group>"; };
		560FC4E229FFFE6E005A8C51 /* User.swift */ = {isa = PBXFileReference; lastKnownFileType = sourcecode.swift; path = User.swift; sourceTree = "<group>"; };
		560FC4E529FFFEA5005A8C51 /* AuthService.swift */ = {isa = PBXFileReference; lastKnownFileType = sourcecode.swift; path = AuthService.swift; sourceTree = "<group>"; };
		564872252A052212004DE00E /* Notification.swift */ = {isa = PBXFileReference; lastKnownFileType = sourcecode.swift; path = Notification.swift; sourceTree = "<group>"; };
		564872272A052239004DE00E /* NotificationViewModel.swift */ = {isa = PBXFileReference; lastKnownFileType = sourcecode.swift; path = NotificationViewModel.swift; sourceTree = "<group>"; };
		5648722A2A0522F2004DE00E /* NotificationView.swift */ = {isa = PBXFileReference; lastKnownFileType = sourcecode.swift; path = NotificationView.swift; sourceTree = "<group>"; };
		5648722C2A0522FA004DE00E /* NotificationCell.swift */ = {isa = PBXFileReference; lastKnownFileType = sourcecode.swift; path = NotificationCell.swift; sourceTree = "<group>"; };
		564C30322A0413AF001B785E /* ProfileViewModel.swift */ = {isa = PBXFileReference; lastKnownFileType = sourcecode.swift; path = ProfileViewModel.swift; sourceTree = "<group>"; };
		564C30342A04144B001B785E /* BlurView.swift */ = {isa = PBXFileReference; lastKnownFileType = sourcecode.swift; path = BlurView.swift; sourceTree = "<group>"; };
		564C30362A041506001B785E /* TabButton.swift */ = {isa = PBXFileReference; lastKnownFileType = sourcecode.swift; path = TabButton.swift; sourceTree = "<group>"; };
		564C30382A042319001B785E /* EditProfileViewModel.swift */ = {isa = PBXFileReference; lastKnownFileType = sourcecode.swift; path = EditProfileViewModel.swift; sourceTree = "<group>"; };
		564C303A2A0423CF001B785E /* EditProfileView.swift */ = {isa = PBXFileReference; lastKnownFileType = sourcecode.swift; path = EditProfileView.swift; sourceTree = "<group>"; };
		568027BF2A037DA300269455 /* RefreshableScrollView.swift */ = {isa = PBXFileReference; lastKnownFileType = sourcecode.swift; path = RefreshableScrollView.swift; sourceTree = "<group>"; };
		568027C12A0382F300269455 /* PostCell.swift */ = {isa = PBXFileReference; lastKnownFileType = sourcecode.swift; path = PostCell.swift; sourceTree = "<group>"; };
		568027C32A03954E00269455 /* HomeViewModel.swift */ = {isa = PBXFileReference; lastKnownFileType = sourcecode.swift; path = HomeViewModel.swift; sourceTree = "<group>"; };
		568027C52A03956E00269455 /* Post.swift */ = {isa = PBXFileReference; lastKnownFileType = sourcecode.swift; path = Post.swift; sourceTree = "<group>"; };
		568027C72A03972200269455 /* PostCellViewModel.swift */ = {isa = PBXFileReference; lastKnownFileType = sourcecode.swift; path = PostCellViewModel.swift; sourceTree = "<group>"; };
		568027CA2A039EE700269455 /* ImageUploader.swift */ = {isa = PBXFileReference; lastKnownFileType = sourcecode.swift; path = ImageUploader.swift; sourceTree = "<group>"; };
		5680BDC72A0124AD003C034B /* HomeView.swift */ = {isa = PBXFileReference; lastKnownFileType = sourcecode.swift; path = HomeView.swift; sourceTree = "<group>"; };
		5680BDCA2A01481A003C034B /* RequestService.swift */ = {isa = PBXFileReference; lastKnownFileType = sourcecode.swift; path = RequestService.swift; sourceTree = "<group>"; };
		5680BDCC2A014ABE003C034B /* PostsContentViewModel.swift */ = {isa = PBXFileReference; lastKnownFileType = sourcecode.swift; path = PostsContentViewModel.swift; sourceTree = "<group>"; };
		5680BDCE2A014DA2003C034B /* ImagePicker.swift */ = {isa = PBXFileReference; lastKnownFileType = sourcecode.swift; path = ImagePicker.swift; sourceTree = "<group>"; };
		5680BDD12A014FA7003C034B /* TabBar.swift */ = {isa = PBXFileReference; lastKnownFileType = sourcecode.swift; path = TabBar.swift; sourceTree = "<group>"; };
		5680BDD52A014FEF003C034B /* CreatePostView.swift */ = {isa = PBXFileReference; lastKnownFileType = sourcecode.swift; path = CreatePostView.swift; sourceTree = "<group>"; };
		5680BDD82A015073003C034B /* MultilineTextField.swift */ = {isa = PBXFileReference; lastKnownFileType = sourcecode.swift; path = MultilineTextField.swift; sourceTree = "<group>"; };
		5680BDDD2A0154DE003C034B /* MainView.swift */ = {isa = PBXFileReference; lastKnownFileType = sourcecode.swift; path = MainView.swift; sourceTree = "<group>"; };
		56BA28BF2A03F9270030708F /* ProfileView.swift */ = {isa = PBXFileReference; lastKnownFileType = sourcecode.swift; path = ProfileView.swift; sourceTree = "<group>"; };
/* End PBXFileReference section */

/* Begin PBXFrameworksBuildPhase section */
		560AF8C929F91E0C00F6B151 /* Frameworks */ = {
			isa = PBXFrameworksBuildPhase;
			buildActionMask = 2147483647;
			files = (
				5680BDDC2A01514C003C034B /* Kingfisher in Frameworks */,
				560FC4DF29FFDA01005A8C51 /* Lottie in Frameworks */,
			);
			runOnlyForDeploymentPostprocessing = 0;
		};
/* End PBXFrameworksBuildPhase section */

/* Begin PBXGroup section */
		560AF8C329F91E0C00F6B151 = {
			isa = PBXGroup;
			children = (
				560AF8CE29F91E0C00F6B151 /* SocialMediaApp */,
				560AF8CD29F91E0C00F6B151 /* Products */,
				560FC4D929FFD7A7005A8C51 /* Frameworks */,
			);
			sourceTree = "<group>";
		};
		560AF8CD29F91E0C00F6B151 /* Products */ = {
			isa = PBXGroup;
			children = (
				560AF8CC29F91E0C00F6B151 /* SocialMediaApp.app */,
			);
			name = Products;
			sourceTree = "<group>";
		};
		560AF8CE29F91E0C00F6B151 /* SocialMediaApp */ = {
			isa = PBXGroup;
			children = (
				560FC4A529FFCF24005A8C51 /* Utils */,
				560FC49E29FFCDDE005A8C51 /* Model */,
				560FC4E429FFFE94005A8C51 /* Service */,
				560FC49D29FFCDDA005A8C51 /* ViewModel */,
				560FC49C29FFCDD5005A8C51 /* View */,
				560FC49F29FFCDE3005A8C51 /* App */,
				560AF8D529F91E0E00F6B151 /* Preview Content */,
			);
			path = SocialMediaApp;
			sourceTree = "<group>";
		};
		560AF8D529F91E0E00F6B151 /* Preview Content */ = {
			isa = PBXGroup;
			children = (
				560AF8D629F91E0E00F6B151 /* Preview Assets.xcassets */,
			);
			path = "Preview Content";
			sourceTree = "<group>";
		};
		560FC49C29FFCDD5005A8C51 /* View */ = {
			isa = PBXGroup;
			children = (
				564872292A0522E4004DE00E /* Notification */,
				56BA28BE2A03F91C0030708F /* Profile */,
				5680BDD32A014FE0003C034B /* Post */,
				5680BDD02A014F9A003C034B /* Main */,
				560FC4CC29FFD1EA005A8C51 /* Lottie */,
				560FC4C029FFD181005A8C51 /* Widget */,
				560FC4BB29FFD086005A8C51 /* Home */,
				560FC4BA29FFD080005A8C51 /* Auth */,
			);
			path = View;
			sourceTree = "<group>";
		};
		560FC49D29FFCDDA005A8C51 /* ViewModel */ = {
			isa = PBXGroup;
			children = (
				568027C72A03972200269455 /* PostCellViewModel.swift */,
				5680BDCC2A014ABE003C034B /* PostsContentViewModel.swift */,
				560FC4E029FFFE5B005A8C51 /* AuthViewModel.swift */,
				568027C32A03954E00269455 /* HomeViewModel.swift */,
				564C30322A0413AF001B785E /* ProfileViewModel.swift */,
				564C30382A042319001B785E /* EditProfileViewModel.swift */,
				564872272A052239004DE00E /* NotificationViewModel.swift */,
			);
			path = ViewModel;
			sourceTree = "<group>";
		};
		560FC49E29FFCDDE005A8C51 /* Model */ = {
			isa = PBXGroup;
			children = (
				560FC4E229FFFE6E005A8C51 /* User.swift */,
				568027C52A03956E00269455 /* Post.swift */,
				564872252A052212004DE00E /* Notification.swift */,
			);
			path = Model;
			sourceTree = "<group>";
		};
		560FC49F29FFCDE3005A8C51 /* App */ = {
			isa = PBXGroup;
			children = (
				560AF8D129F91E0C00F6B151 /* ContentView.swift */,
				560AF8CF29F91E0C00F6B151 /* SocialMediaAppApp.swift */,
				560FC4A029FFCDE9005A8C51 /* Assets */,
			);
			path = App;
			sourceTree = "<group>";
		};
		560FC4A029FFCDE9005A8C51 /* Assets */ = {
			isa = PBXGroup;
			children = (
				560FC4BC29FFD0B5005A8C51 /* Image.xcassets */,
				560FC4BE29FFD0BB005A8C51 /* Color.xcassets */,
				560FC4D129FFD6AD005A8C51 /* Assets.xcassets */,
			);
			path = Assets;
			sourceTree = "<group>";
		};
		560FC4A529FFCF24005A8C51 /* Utils */ = {
			isa = PBXGroup;
			children = (
				5680BDD72A015063003C034B /* Items */,
				560FC4A929FFCF4F005A8C51 /* Locale */,
				560FC4A829FFCF4C005A8C51 /* Size */,
				560FC4A729FFCF3D005A8C51 /* Extension */,
				560FC4A629FFCF38005A8C51 /* Enums */,
			);
			path = Utils;
			sourceTree = "<group>";
		};
		560FC4A629FFCF38005A8C51 /* Enums */ = {
			isa = PBXGroup;
			children = (
				560FC4B229FFCFE4005A8C51 /* Image.swift */,
				560FC4B429FFCFE8005A8C51 /* Colors.swift */,
				560FC4B629FFCFF4005A8C51 /* Page.swift */,
			);
			path = Enums;
			sourceTree = "<group>";
		};
		560FC4A729FFCF3D005A8C51 /* Extension */ = {
			isa = PBXGroup;
			children = (
				560FC4B829FFD02A005A8C51 /* Geo + Color.swift */,
			);
			path = Extension;
			sourceTree = "<group>";
		};
		560FC4A829FFCF4C005A8C51 /* Size */ = {
			isa = PBXGroup;
			children = (
				560FC4AE29FFCFB2005A8C51 /* Font.swift */,
				560FC4B029FFCFC5005A8C51 /* View.swift */,
			);
			path = Size;
			sourceTree = "<group>";
		};
		560FC4A929FFCF4F005A8C51 /* Locale */ = {
			isa = PBXGroup;
			children = (
				560FC4AA29FFCF62005A8C51 /* Localizable.strings */,
				560FC4AC29FFCF70005A8C51 /* LocaleKeys.swift */,
			);
			path = Locale;
			sourceTree = "<group>";
		};
		560FC4BA29FFD080005A8C51 /* Auth */ = {
			isa = PBXGroup;
			children = (
				560FC4A329FFCEE1005A8C51 /* WelcomeView.swift */,
				560FC4A129FFCEB1005A8C51 /* LogInView.swift */,
			);
			path = Auth;
			sourceTree = "<group>";
		};
		560FC4BB29FFD086005A8C51 /* Home */ = {
			isa = PBXGroup;
			children = (
				5680BDC72A0124AD003C034B /* HomeView.swift */,
				568027C12A0382F300269455 /* PostCell.swift */,
			);
			path = Home;
			sourceTree = "<group>";
		};
		560FC4C029FFD181005A8C51 /* Widget */ = {
			isa = PBXGroup;
			children = (
				560FC4C129FFD186005A8C51 /* Button */,
			);
			path = Widget;
			sourceTree = "<group>";
		};
		560FC4C129FFD186005A8C51 /* Button */ = {
			isa = PBXGroup;
			children = (
				560FC4C229FFD197005A8C51 /* GeneralButton.swift */,
				560FC4C429FFD19F005A8C51 /* Facebook.swift */,
				560FC4C629FFD1A4005A8C51 /* Google.swift */,
				560FC4C829FFD1A9005A8C51 /* Apple.swift */,
				560FC4CA29FFD1AE005A8C51 /* Email.swift */,
			);
			path = Button;
			sourceTree = "<group>";
		};
		560FC4CC29FFD1EA005A8C51 /* Lottie */ = {
			isa = PBXGroup;
			children = (
				560FC4CF29FFD2B3005A8C51 /* welcomeIcon.json */,
				560FC4CD29FFD1F4005A8C51 /* Animations.swift */,
			);
			path = Lottie;
			sourceTree = "<group>";
		};
		560FC4D929FFD7A7005A8C51 /* Frameworks */ = {
			isa = PBXGroup;
			children = (
			);
			name = Frameworks;
			sourceTree = "<group>";
		};
		560FC4E429FFFE94005A8C51 /* Service */ = {
			isa = PBXGroup;
			children = (
				560FC4E529FFFEA5005A8C51 /* AuthService.swift */,
				5680BDCA2A01481A003C034B /* RequestService.swift */,
				568027CA2A039EE700269455 /* ImageUploader.swift */,
			);
			path = Service;
			sourceTree = "<group>";
		};
		564872292A0522E4004DE00E /* Notification */ = {
			isa = PBXGroup;
			children = (
				5648722A2A0522F2004DE00E /* NotificationView.swift */,
				5648722C2A0522FA004DE00E /* NotificationCell.swift */,
			);
			path = Notification;
			sourceTree = "<group>";
		};
		5680BDD02A014F9A003C034B /* Main */ = {
			isa = PBXGroup;
			children = (
				5680BDD12A014FA7003C034B /* TabBar.swift */,
				5680BDDD2A0154DE003C034B /* MainView.swift */,
			);
			path = Main;
			sourceTree = "<group>";
		};
		5680BDD32A014FE0003C034B /* Post */ = {
			isa = PBXGroup;
			children = (
				5680BDD52A014FEF003C034B /* CreatePostView.swift */,
			);
			path = Post;
			sourceTree = "<group>";
		};
		5680BDD72A015063003C034B /* Items */ = {
			isa = PBXGroup;
			children = (
				5680BDCE2A014DA2003C034B /* ImagePicker.swift */,
				5680BDD82A015073003C034B /* MultilineTextField.swift */,
				568027BF2A037DA300269455 /* RefreshableScrollView.swift */,
			);
			path = Items;
			sourceTree = "<group>";
		};
		56BA28BE2A03F91C0030708F /* Profile */ = {
			isa = PBXGroup;
			children = (
				56BA28BF2A03F9270030708F /* ProfileView.swift */,
				564C30342A04144B001B785E /* BlurView.swift */,
				564C30362A041506001B785E /* TabButton.swift */,
				564C303A2A0423CF001B785E /* EditProfileView.swift */,
			);
			path = Profile;
			sourceTree = "<group>";
		};
/* End PBXGroup section */

/* Begin PBXNativeTarget section */
		560AF8CB29F91E0C00F6B151 /* SocialMediaApp */ = {
			isa = PBXNativeTarget;
			buildConfigurationList = 560AF8DA29F91E0E00F6B151 /* Build configuration list for PBXNativeTarget "SocialMediaApp" */;
			buildPhases = (
				560AF8C829F91E0C00F6B151 /* Sources */,
				560AF8C929F91E0C00F6B151 /* Frameworks */,
				560AF8CA29F91E0C00F6B151 /* Resources */,
			);
			buildRules = (
			);
			dependencies = (
			);
			name = SocialMediaApp;
			packageProductDependencies = (
				560FC4DE29FFDA01005A8C51 /* Lottie */,
				5680BDDB2A01514C003C034B /* Kingfisher */,
			);
			productName = SocialMediaApp;
			productReference = 560AF8CC29F91E0C00F6B151 /* SocialMediaApp.app */;
			productType = "com.apple.product-type.application";
		};
/* End PBXNativeTarget section */

/* Begin PBXProject section */
		560AF8C429F91E0C00F6B151 /* Project object */ = {
			isa = PBXProject;
			attributes = {
				BuildIndependentTargetsInParallel = 1;
				LastSwiftUpdateCheck = 1420;
				LastUpgradeCheck = 1420;
				TargetAttributes = {
					560AF8CB29F91E0C00F6B151 = {
						CreatedOnToolsVersion = 14.2;
					};
				};
			};
			buildConfigurationList = 560AF8C729F91E0C00F6B151 /* Build configuration list for PBXProject "SocialMediaApp" */;
			compatibilityVersion = "Xcode 14.0";
			developmentRegion = en;
			hasScannedForEncodings = 0;
			knownRegions = (
				en,
				Base,
			);
			mainGroup = 560AF8C329F91E0C00F6B151;
			packageReferences = (
				560FC4DD29FFDA01005A8C51 /* XCRemoteSwiftPackageReference "lottie-ios" */,
				5680BDDA2A01514C003C034B /* XCRemoteSwiftPackageReference "Kingfisher" */,
			);
			productRefGroup = 560AF8CD29F91E0C00F6B151 /* Products */;
			projectDirPath = "";
			projectRoot = "";
			targets = (
				560AF8CB29F91E0C00F6B151 /* SocialMediaApp */,
			);
		};
/* End PBXProject section */

/* Begin PBXResourcesBuildPhase section */
		560AF8CA29F91E0C00F6B151 /* Resources */ = {
			isa = PBXResourcesBuildPhase;
			buildActionMask = 2147483647;
			files = (
				560AF8D729F91E0E00F6B151 /* Preview Assets.xcassets in Resources */,
				560FC4BD29FFD0B5005A8C51 /* Image.xcassets in Resources */,
				560FC4D029FFD2B3005A8C51 /* welcomeIcon.json in Resources */,
				560FC4BF29FFD0BB005A8C51 /* Color.xcassets in Resources */,
				560FC4D229FFD6AD005A8C51 /* Assets.xcassets in Resources */,
				560FC4AB29FFCF62005A8C51 /* Localizable.strings in Resources */,
			);
			runOnlyForDeploymentPostprocessing = 0;
		};
/* End PBXResourcesBuildPhase section */

/* Begin PBXSourcesBuildPhase section */
		560AF8C829F91E0C00F6B151 /* Sources */ = {
			isa = PBXSourcesBuildPhase;
			buildActionMask = 2147483647;
			files = (
				560FC4C329FFD197005A8C51 /* GeneralButton.swift in Sources */,
				5680BDDE2A0154DE003C034B /* MainView.swift in Sources */,
				560FC4A229FFCEB1005A8C51 /* LogInView.swift in Sources */,
				560FC4CE29FFD1F4005A8C51 /* Animations.swift in Sources */,
				5680BDCB2A01481A003C034B /* RequestService.swift in Sources */,
				560FC4B529FFCFE8005A8C51 /* Colors.swift in Sources */,
				560FC4B929FFD02A005A8C51 /* Geo + Color.swift in Sources */,
				5680BDD92A015073003C034B /* MultilineTextField.swift in Sources */,
				560FC4B329FFCFE4005A8C51 /* Image.swift in Sources */,
				560FC4C529FFD19F005A8C51 /* Facebook.swift in Sources */,
				564C303B2A0423CF001B785E /* EditProfileView.swift in Sources */,
				560FC4E629FFFEA5005A8C51 /* AuthService.swift in Sources */,
				5648722D2A0522FA004DE00E /* NotificationCell.swift in Sources */,
				568027C62A03956E00269455 /* Post.swift in Sources */,
				56BA28C02A03F9270030708F /* ProfileView.swift in Sources */,
				560AF8D229F91E0C00F6B151 /* ContentView.swift in Sources */,
				568027C02A037DA300269455 /* RefreshableScrollView.swift in Sources */,
				5680BDCD2A014ABE003C034B /* PostsContentViewModel.swift in Sources */,
				564872282A052239004DE00E /* NotificationViewModel.swift in Sources */,
				560FC4E129FFFE5B005A8C51 /* AuthViewModel.swift in Sources */,
				560FC4B729FFCFF4005A8C51 /* Page.swift in Sources */,
				560FC4AF29FFCFB2005A8C51 /* Font.swift in Sources */,
				568027C22A0382F300269455 /* PostCell.swift in Sources */,
				568027CB2A039EE700269455 /* ImageUploader.swift in Sources */,
				560FC4C929FFD1A9005A8C51 /* Apple.swift in Sources */,
				568027C82A03972200269455 /* PostCellViewModel.swift in Sources */,
				560AF8D029F91E0C00F6B151 /* SocialMediaAppApp.swift in Sources */,
				560FC4A429FFCEE1005A8C51 /* WelcomeView.swift in Sources */,
				5680BDC82A0124AD003C034B /* HomeView.swift in Sources */,
				560FC4B129FFCFC5005A8C51 /* View.swift in Sources */,
				564C30392A042319001B785E /* EditProfileViewModel.swift in Sources */,
				5680BDD22A014FA7003C034B /* TabBar.swift in Sources */,
				560FC4C729FFD1A4005A8C51 /* Google.swift in Sources */,
				560FC4CB29FFD1AE005A8C51 /* Email.swift in Sources */,
				564C30332A0413AF001B785E /* ProfileViewModel.swift in Sources */,
				564872262A052212004DE00E /* Notification.swift in Sources */,
				564C30372A041506001B785E /* TabButton.swift in Sources */,
				5680BDCF2A014DA2003C034B /* ImagePicker.swift in Sources */,
				560FC4AD29FFCF70005A8C51 /* LocaleKeys.swift in Sources */,
				5680BDD62A014FEF003C034B /* CreatePostView.swift in Sources */,
				564C30352A04144B001B785E /* BlurView.swift in Sources */,
				568027C42A03954E00269455 /* HomeViewModel.swift in Sources */,
				5648722B2A0522F2004DE00E /* NotificationView.swift in Sources */,
				560FC4E329FFFE6E005A8C51 /* User.swift in Sources */,
			);
			runOnlyForDeploymentPostprocessing = 0;
		};
/* End PBXSourcesBuildPhase section */

/* Begin XCBuildConfiguration section */
		560AF8D829F91E0E00F6B151 /* Debug */ = {
			isa = XCBuildConfiguration;
			buildSettings = {
				ALWAYS_SEARCH_USER_PATHS = NO;
				CLANG_ANALYZER_NONNULL = YES;
				CLANG_ANALYZER_NUMBER_OBJECT_CONVERSION = YES_AGGRESSIVE;
				CLANG_CXX_LANGUAGE_STANDARD = "gnu++20";
				CLANG_ENABLE_MODULES = YES;
				CLANG_ENABLE_OBJC_ARC = YES;
				CLANG_ENABLE_OBJC_WEAK = YES;
				CLANG_WARN_BLOCK_CAPTURE_AUTORELEASING = YES;
				CLANG_WARN_BOOL_CONVERSION = YES;
				CLANG_WARN_COMMA = YES;
				CLANG_WARN_CONSTANT_CONVERSION = YES;
				CLANG_WARN_DEPRECATED_OBJC_IMPLEMENTATIONS = YES;
				CLANG_WARN_DIRECT_OBJC_ISA_USAGE = YES_ERROR;
				CLANG_WARN_DOCUMENTATION_COMMENTS = YES;
				CLANG_WARN_EMPTY_BODY = YES;
				CLANG_WARN_ENUM_CONVERSION = YES;
				CLANG_WARN_INFINITE_RECURSION = YES;
				CLANG_WARN_INT_CONVERSION = YES;
				CLANG_WARN_NON_LITERAL_NULL_CONVERSION = YES;
				CLANG_WARN_OBJC_IMPLICIT_RETAIN_SELF = YES;
				CLANG_WARN_OBJC_LITERAL_CONVERSION = YES;
				CLANG_WARN_OBJC_ROOT_CLASS = YES_ERROR;
				CLANG_WARN_QUOTED_INCLUDE_IN_FRAMEWORK_HEADER = YES;
				CLANG_WARN_RANGE_LOOP_ANALYSIS = YES;
				CLANG_WARN_STRICT_PROTOTYPES = YES;
				CLANG_WARN_SUSPICIOUS_MOVE = YES;
				CLANG_WARN_UNGUARDED_AVAILABILITY = YES_AGGRESSIVE;
				CLANG_WARN_UNREACHABLE_CODE = YES;
				CLANG_WARN__DUPLICATE_METHOD_MATCH = YES;
				COPY_PHASE_STRIP = NO;
				DEBUG_INFORMATION_FORMAT = dwarf;
				ENABLE_STRICT_OBJC_MSGSEND = YES;
				ENABLE_TESTABILITY = YES;
				GCC_C_LANGUAGE_STANDARD = gnu11;
				GCC_DYNAMIC_NO_PIC = NO;
				GCC_NO_COMMON_BLOCKS = YES;
				GCC_OPTIMIZATION_LEVEL = 0;
				GCC_PREPROCESSOR_DEFINITIONS = (
					"DEBUG=1",
					"$(inherited)",
				);
				GCC_WARN_64_TO_32_BIT_CONVERSION = YES;
				GCC_WARN_ABOUT_RETURN_TYPE = YES_ERROR;
				GCC_WARN_UNDECLARED_SELECTOR = YES;
				GCC_WARN_UNINITIALIZED_AUTOS = YES_AGGRESSIVE;
				GCC_WARN_UNUSED_FUNCTION = YES;
				GCC_WARN_UNUSED_VARIABLE = YES;
				IPHONEOS_DEPLOYMENT_TARGET = 16.2;
				MTL_ENABLE_DEBUG_INFO = INCLUDE_SOURCE;
				MTL_FAST_MATH = YES;
				ONLY_ACTIVE_ARCH = YES;
				SDKROOT = iphoneos;
				SWIFT_ACTIVE_COMPILATION_CONDITIONS = DEBUG;
				SWIFT_OPTIMIZATION_LEVEL = "-Onone";
			};
			name = Debug;
		};
		560AF8D929F91E0E00F6B151 /* Release */ = {
			isa = XCBuildConfiguration;
			buildSettings = {
				ALWAYS_SEARCH_USER_PATHS = NO;
				CLANG_ANALYZER_NONNULL = YES;
				CLANG_ANALYZER_NUMBER_OBJECT_CONVERSION = YES_AGGRESSIVE;
				CLANG_CXX_LANGUAGE_STANDARD = "gnu++20";
				CLANG_ENABLE_MODULES = YES;
				CLANG_ENABLE_OBJC_ARC = YES;
				CLANG_ENABLE_OBJC_WEAK = YES;
				CLANG_WARN_BLOCK_CAPTURE_AUTORELEASING = YES;
				CLANG_WARN_BOOL_CONVERSION = YES;
				CLANG_WARN_COMMA = YES;
				CLANG_WARN_CONSTANT_CONVERSION = YES;
				CLANG_WARN_DEPRECATED_OBJC_IMPLEMENTATIONS = YES;
				CLANG_WARN_DIRECT_OBJC_ISA_USAGE = YES_ERROR;
				CLANG_WARN_DOCUMENTATION_COMMENTS = YES;
				CLANG_WARN_EMPTY_BODY = YES;
				CLANG_WARN_ENUM_CONVERSION = YES;
				CLANG_WARN_INFINITE_RECURSION = YES;
				CLANG_WARN_INT_CONVERSION = YES;
				CLANG_WARN_NON_LITERAL_NULL_CONVERSION = YES;
				CLANG_WARN_OBJC_IMPLICIT_RETAIN_SELF = YES;
				CLANG_WARN_OBJC_LITERAL_CONVERSION = YES;
				CLANG_WARN_OBJC_ROOT_CLASS = YES_ERROR;
				CLANG_WARN_QUOTED_INCLUDE_IN_FRAMEWORK_HEADER = YES;
				CLANG_WARN_RANGE_LOOP_ANALYSIS = YES;
				CLANG_WARN_STRICT_PROTOTYPES = YES;
				CLANG_WARN_SUSPICIOUS_MOVE = YES;
				CLANG_WARN_UNGUARDED_AVAILABILITY = YES_AGGRESSIVE;
				CLANG_WARN_UNREACHABLE_CODE = YES;
				CLANG_WARN__DUPLICATE_METHOD_MATCH = YES;
				COPY_PHASE_STRIP = NO;
				DEBUG_INFORMATION_FORMAT = "dwarf-with-dsym";
				ENABLE_NS_ASSERTIONS = NO;
				ENABLE_STRICT_OBJC_MSGSEND = YES;
				GCC_C_LANGUAGE_STANDARD = gnu11;
				GCC_NO_COMMON_BLOCKS = YES;
				GCC_WARN_64_TO_32_BIT_CONVERSION = YES;
				GCC_WARN_ABOUT_RETURN_TYPE = YES_ERROR;
				GCC_WARN_UNDECLARED_SELECTOR = YES;
				GCC_WARN_UNINITIALIZED_AUTOS = YES_AGGRESSIVE;
				GCC_WARN_UNUSED_FUNCTION = YES;
				GCC_WARN_UNUSED_VARIABLE = YES;
				IPHONEOS_DEPLOYMENT_TARGET = 16.2;
				MTL_ENABLE_DEBUG_INFO = NO;
				MTL_FAST_MATH = YES;
				SDKROOT = iphoneos;
				SWIFT_COMPILATION_MODE = wholemodule;
				SWIFT_OPTIMIZATION_LEVEL = "-O";
				VALIDATE_PRODUCT = YES;
			};
			name = Release;
		};
		560AF8DB29F91E0E00F6B151 /* Debug */ = {
			isa = XCBuildConfiguration;
			buildSettings = {
				ASSETCATALOG_COMPILER_APPICON_NAME = AppIcon;
				ASSETCATALOG_COMPILER_GLOBAL_ACCENT_COLOR_NAME = AccentColor;
				CODE_SIGN_STYLE = Automatic;
				CURRENT_PROJECT_VERSION = 1;
				DEVELOPMENT_ASSET_PATHS = "\"SocialMediaApp/Preview Content\"";
				DEVELOPMENT_TEAM = RQ87JZYXYL;
				ENABLE_PREVIEWS = YES;
				GENERATE_INFOPLIST_FILE = YES;
				INFOPLIST_KEY_UIApplicationSceneManifest_Generation = YES;
				INFOPLIST_KEY_UIApplicationSupportsIndirectInputEvents = YES;
				INFOPLIST_KEY_UILaunchScreen_Generation = YES;
				INFOPLIST_KEY_UISupportedInterfaceOrientations_iPad = "UIInterfaceOrientationPortrait UIInterfaceOrientationPortraitUpsideDown UIInterfaceOrientationLandscapeLeft UIInterfaceOrientationLandscapeRight";
				INFOPLIST_KEY_UISupportedInterfaceOrientations_iPhone = "UIInterfaceOrientationPortrait UIInterfaceOrientationLandscapeLeft UIInterfaceOrientationLandscapeRight";
				LD_RUNPATH_SEARCH_PATHS = (
					"$(inherited)",
					"@executable_path/Frameworks",
				);
				MARKETING_VERSION = 1.0;
				PRODUCT_BUNDLE_IDENTIFIER = com.meric.SocialMediaApp;
				PRODUCT_NAME = "$(TARGET_NAME)";
				SWIFT_EMIT_LOC_STRINGS = YES;
				SWIFT_VERSION = 5.0;
				TARGETED_DEVICE_FAMILY = "1,2";
			};
			name = Debug;
		};
		560AF8DC29F91E0E00F6B151 /* Release */ = {
			isa = XCBuildConfiguration;
			buildSettings = {
				ASSETCATALOG_COMPILER_APPICON_NAME = AppIcon;
				ASSETCATALOG_COMPILER_GLOBAL_ACCENT_COLOR_NAME = AccentColor;
				CODE_SIGN_STYLE = Automatic;
				CURRENT_PROJECT_VERSION = 1;
				DEVELOPMENT_ASSET_PATHS = "\"SocialMediaApp/Preview Content\"";
				DEVELOPMENT_TEAM = RQ87JZYXYL;
				ENABLE_PREVIEWS = YES;
				GENERATE_INFOPLIST_FILE = YES;
				INFOPLIST_KEY_UIApplicationSceneManifest_Generation = YES;
				INFOPLIST_KEY_UIApplicationSupportsIndirectInputEvents = YES;
				INFOPLIST_KEY_UILaunchScreen_Generation = YES;
				INFOPLIST_KEY_UISupportedInterfaceOrientations_iPad = "UIInterfaceOrientationPortrait UIInterfaceOrientationPortraitUpsideDown UIInterfaceOrientationLandscapeLeft UIInterfaceOrientationLandscapeRight";
				INFOPLIST_KEY_UISupportedInterfaceOrientations_iPhone = "UIInterfaceOrientationPortrait UIInterfaceOrientationLandscapeLeft UIInterfaceOrientationLandscapeRight";
				LD_RUNPATH_SEARCH_PATHS = (
					"$(inherited)",
					"@executable_path/Frameworks",
				);
				MARKETING_VERSION = 1.0;
				PRODUCT_BUNDLE_IDENTIFIER = com.meric.SocialMediaApp;
				PRODUCT_NAME = "$(TARGET_NAME)";
				SWIFT_EMIT_LOC_STRINGS = YES;
				SWIFT_VERSION = 5.0;
				TARGETED_DEVICE_FAMILY = "1,2";
			};
			name = Release;
		};
/* End XCBuildConfiguration section */

/* Begin XCConfigurationList section */
		560AF8C729F91E0C00F6B151 /* Build configuration list for PBXProject "SocialMediaApp" */ = {
			isa = XCConfigurationList;
			buildConfigurations = (
				560AF8D829F91E0E00F6B151 /* Debug */,
				560AF8D929F91E0E00F6B151 /* Release */,
			);
			defaultConfigurationIsVisible = 0;
			defaultConfigurationName = Release;
		};
		560AF8DA29F91E0E00F6B151 /* Build configuration list for PBXNativeTarget "SocialMediaApp" */ = {
			isa = XCConfigurationList;
			buildConfigurations = (
				560AF8DB29F91E0E00F6B151 /* Debug */,
				560AF8DC29F91E0E00F6B151 /* Release */,
			);
			defaultConfigurationIsVisible = 0;
			defaultConfigurationName = Release;
		};
/* End XCConfigurationList section */

/* Begin XCRemoteSwiftPackageReference section */
		560FC4DD29FFDA01005A8C51 /* XCRemoteSwiftPackageReference "lottie-ios" */ = {
			isa = XCRemoteSwiftPackageReference;
			repositoryURL = "https://github.com/airbnb/lottie-ios.git";
			requirement = {
				kind = exactVersion;
				version = 3.5.0;
			};
		};
		5680BDDA2A01514C003C034B /* XCRemoteSwiftPackageReference "Kingfisher" */ = {
			isa = XCRemoteSwiftPackageReference;
			repositoryURL = "https://github.com/onevcat/Kingfisher.git";
			requirement = {
				branch = master;
				kind = branch;
			};
		};
/* End XCRemoteSwiftPackageReference section */

/* Begin XCSwiftPackageProductDependency section */
		560FC4DE29FFDA01005A8C51 /* Lottie */ = {
			isa = XCSwiftPackageProductDependency;
			package = 560FC4DD29FFDA01005A8C51 /* XCRemoteSwiftPackageReference "lottie-ios" */;
			productName = Lottie;
		};
		5680BDDB2A01514C003C034B /* Kingfisher */ = {
			isa = XCSwiftPackageProductDependency;
			package = 5680BDDA2A01514C003C034B /* XCRemoteSwiftPackageReference "Kingfisher" */;
			productName = Kingfisher;
		};
/* End XCSwiftPackageProductDependency section */
	};
	rootObject = 560AF8C429F91E0C00F6B151 /* Project object */;
}
